
Microsoft Visual Studio Solution File, Format Version 12.00
# Visual Studio Version 16
VisualStudioVersion = 16.0.29920.165
MinimumVisualStudioVersion = 10.0.40219.1
Project("{FAE04EC0-301F-11D3-BF4B-00C04F79EFBC}") = "WebAppInClass3", "WebApplication1\WebAppInClass3.csproj", "{64383084-0F3B-4030-A4CF-BD9AA8A5F10A}"
EndProject
Global
	GlobalSection(SolutionConfigurationPlatforms) = preSolution
		Debug|Any CPU = Debug|Any CPU
		Release|Any CPU = Release|Any CPU
	EndGlobalSection
	GlobalSection(ProjectConfigurationPlatforms) = postSolution
		{64383084-0F3B-4030-A4CF-BD9AA8A5F10A}.Debug|Any CPU.ActiveCfg = Debug|Any CPU
		{64383084-0F3B-4030-A4CF-BD9AA8A5F10A}.Debug|Any CPU.Build.0 = Debug|Any CPU
		{64383084-0F3B-4030-A4CF-BD9AA8A5F10A}.Release|Any CPU.ActiveCfg = Release|Any CPU
		{64383084-0F3B-4030-A4CF-BD9AA8A5F10A}.Release|Any CPU.Build.0 = Release|Any CPU
	EndGlobalSection
	GlobalSection(SolutionProperties) = preSolution
		HideSolutionNode = FALSE
	EndGlobalSection
	GlobalSection(ExtensibilityGlobals) = postSolution
		SolutionGuid = {B7F8569C-DE2F-40C2-BFBC-CDF4F7DE4E48}
	EndGlobalSection
EndGlobal
